
Microsoft Visual Studio Solution File, Format Version 12.00
# Visual Studio Version 17
VisualStudioVersion = 17.0.31903.59
MinimumVisualStudioVersion = 15.0.26124.0
Project("{2150E333-8FDC-42A3-9474-1A3956D46DE8}") = "test", "test", "{EB4DC82C-C9F5-4745-82A9-D1287A1BBC3F}"
EndProject
Project("{2150E333-8FDC-42A3-9474-1A3956D46DE8}") = "src", "src", "{1D1F223D-4333-4699-BB10-8E1111DD0D75}"
EndProject
Project("{9A19103F-16F7-4668-BE54-9A1E7A4F7556}") = "DigestAuthenticator", "src\DigestAuthenticator\DigestAuthenticator.csproj", "{CBC300D5-B57C-4588-BE2D-26AFF9D102F9}"
EndProject
Project("{2150E333-8FDC-42A3-9474-1A3956D46DE8}") = "Solution Items", "Solution Items", "{CD55D531-82A6-4A0E-8D19-5D76D6299526}"
	ProjectSection(SolutionItems) = preProject
		.editorconfig = .editorconfig
		.gitignore = .gitignore
		LICENSE = LICENSE
		README.md = README.md
		RELEASES.md = RELEASES.md
	EndProjectSection
EndProject
Project("{9A19103F-16F7-4668-BE54-9A1E7A4F7556}") = "DigestAuthenticator.Tests", "test\DigestAuthenticator.Tests\DigestAuthenticator.Tests.csproj", "{607B2AF3-A2CB-47D3-AA26-B8E79E93A4EE}"
EndProject
Project("{2150E333-8FDC-42A3-9474-1A3956D46DE8}") = "images", "images", "{AB3531DD-8A68-49F2-8E15-0D89DE26F72E}"
	ProjectSection(SolutionItems) = preProject
		images\icon.png = images\icon.png
	EndProjectSection
EndProject
Project("{2150E333-8FDC-42A3-9474-1A3956D46DE8}") = ".github", ".github", "{E1BF084D-B1BB-4A98-9B19-55A78DD0CBB9}"
EndProject
Project("{2150E333-8FDC-42A3-9474-1A3956D46DE8}") = "workflows", "workflows", "{46506451-F83B-4074-9BF7-D05E3CBB7D05}"
	ProjectSection(SolutionItems) = preProject
		.github\workflows\codeql.yml = .github\workflows\codeql.yml
	EndProjectSection
EndProject
Global
	GlobalSection(SolutionConfigurationPlatforms) = preSolution
		Debug|Any CPU = Debug|Any CPU
		Debug|x64 = Debug|x64
		Debug|x86 = Debug|x86
		Release|Any CPU = Release|Any CPU
		Release|x64 = Release|x64
		Release|x86 = Release|x86
	EndGlobalSection
	GlobalSection(ProjectConfigurationPlatforms) = postSolution
		{CBC300D5-B57C-4588-BE2D-26AFF9D102F9}.Debug|Any CPU.ActiveCfg = Debug|Any CPU
		{CBC300D5-B57C-4588-BE2D-26AFF9D102F9}.Debug|Any CPU.Build.0 = Debug|Any CPU
		{CBC300D5-B57C-4588-BE2D-26AFF9D102F9}.Debug|x64.ActiveCfg = Debug|Any CPU
		{CBC300D5-B57C-4588-BE2D-26AFF9D102F9}.Debug|x64.Build.0 = Debug|Any CPU
		{CBC300D5-B57C-4588-BE2D-26AFF9D102F9}.Debug|x86.ActiveCfg = Debug|Any CPU
		{CBC300D5-B57C-4588-BE2D-26AFF9D102F9}.Debug|x86.Build.0 = Debug|Any CPU
		{CBC300D5-B57C-4588-BE2D-26AFF9D102F9}.Release|Any CPU.ActiveCfg = Release|Any CPU
		{CBC300D5-B57C-4588-BE2D-26AFF9D102F9}.Release|Any CPU.Build.0 = Release|Any CPU
		{CBC300D5-B57C-4588-BE2D-26AFF9D102F9}.Release|x64.ActiveCfg = Release|Any CPU
		{CBC300D5-B57C-4588-BE2D-26AFF9D102F9}.Release|x64.Build.0 = Release|Any CPU
		{CBC300D5-B57C-4588-BE2D-26AFF9D102F9}.Release|x86.ActiveCfg = Release|Any CPU
		{CBC300D5-B57C-4588-BE2D-26AFF9D102F9}.Release|x86.Build.0 = Release|Any CPU
		{607B2AF3-A2CB-47D3-AA26-B8E79E93A4EE}.Debug|Any CPU.ActiveCfg = Debug|Any CPU
		{607B2AF3-A2CB-47D3-AA26-B8E79E93A4EE}.Debug|Any CPU.Build.0 = Debug|Any CPU
		{607B2AF3-A2CB-47D3-AA26-B8E79E93A4EE}.Debug|x64.ActiveCfg = Debug|Any CPU
		{607B2AF3-A2CB-47D3-AA26-B8E79E93A4EE}.Debug|x64.Build.0 = Debug|Any CPU
		{607B2AF3-A2CB-47D3-AA26-B8E79E93A4EE}.Debug|x86.ActiveCfg = Debug|Any CPU
		{607B2AF3-A2CB-47D3-AA26-B8E79E93A4EE}.Debug|x86.Build.0 = Debug|Any CPU
		{607B2AF3-A2CB-47D3-AA26-B8E79E93A4EE}.Release|Any CPU.ActiveCfg = Release|Any CPU
		{607B2AF3-A2CB-47D3-AA26-B8E79E93A4EE}.Release|Any CPU.Build.0 = Release|Any CPU
		{607B2AF3-A2CB-47D3-AA26-B8E79E93A4EE}.Release|x64.ActiveCfg = Release|Any CPU
		{607B2AF3-A2CB-47D3-AA26-B8E79E93A4EE}.Release|x64.Build.0 = Release|Any CPU
		{607B2AF3-A2CB-47D3-AA26-B8E79E93A4EE}.Release|x86.ActiveCfg = Release|Any CPU
		{607B2AF3-A2CB-47D3-AA26-B8E79E93A4EE}.Release|x86.Build.0 = Release|Any CPU
	EndGlobalSection
	GlobalSection(SolutionProperties) = preSolution
		HideSolutionNode = FALSE
	EndGlobalSection
	GlobalSection(NestedProjects) = preSolution
		{CBC300D5-B57C-4588-BE2D-26AFF9D102F9} = {1D1F223D-4333-4699-BB10-8E1111DD0D75}
		{607B2AF3-A2CB-47D3-AA26-B8E79E93A4EE} = {EB4DC82C-C9F5-4745-82A9-D1287A1BBC3F}
		{46506451-F83B-4074-9BF7-D05E3CBB7D05} = {E1BF084D-B1BB-4A98-9B19-55A78DD0CBB9}
	EndGlobalSection
	GlobalSection(ExtensibilityGlobals) = postSolution
		SolutionGuid = {CFB144EC-8162-4D4F-A173-0E97D11BD3D8}
	EndGlobalSection
EndGlobal
